
Microsoft Visual Studio Solution File, Format Version 12.00
# Visual Studio Version 17
VisualStudioVersion = 17.8.34316.72
MinimumVisualStudioVersion = 10.0.40219.1
Project("{FAE04EC0-301F-11D3-BF4B-00C04F79EFBC}") = "ShopApp", "ShopApp\ShopApp.csproj", "{C24FF1D8-99BE-4542-96E6-F2CFE8E4ECCD}"
EndProject
Global
	GlobalSection(SolutionConfigurationPlatforms) = preSolution
		Debug|Any CPU = Debug|Any CPU
		Release|Any CPU = Release|Any CPU
	EndGlobalSection
	GlobalSection(ProjectConfigurationPlatforms) = postSolution
		{C24FF1D8-99BE-4542-96E6-F2CFE8E4ECCD}.Debug|Any CPU.ActiveCfg = Debug|Any CPU
		{C24FF1D8-99BE-4542-96E6-F2CFE8E4ECCD}.Debug|Any CPU.Build.0 = Debug|Any CPU
		{C24FF1D8-99BE-4542-96E6-F2CFE8E4ECCD}.Release|Any CPU.ActiveCfg = Release|Any CPU
		{C24FF1D8-99BE-4542-96E6-F2CFE8E4ECCD}.Release|Any CPU.Build.0 = Release|Any CPU
	EndGlobalSection
	GlobalSection(SolutionProperties) = preSolution
		HideSolutionNode = FALSE
	EndGlobalSection
	GlobalSection(ExtensibilityGlobals) = postSolution
		SolutionGuid = {E8241C18-ABE8-46F2-8A7C-DC7C79979993}
	EndGlobalSection
EndGlobal
